
Microsoft Visual Studio Solution File, Format Version 12.00
# Visual Studio 15
VisualStudioVersion = 15.0.27004.2009
MinimumVisualStudioVersion = 10.0.40219.1
Project("{FAE04EC0-301F-11D3-BF4B-00C04F79EFBC}") = "ServiceTracker.Core", "ServiceTracker.Core\ServiceTracker.Core.csproj", "{99A041F4-DD92-436A-917C-EE1322A736CB}"
EndProject
Project("{2150E333-8FDC-42A3-9474-1A3956D46DE8}") = "src", "src", "{3AA2AFE7-E5BC-4140-9107-6DB9246F5F61}"
EndProject
Project("{2150E333-8FDC-42A3-9474-1A3956D46DE8}") = "test", "test", "{2219960F-0DF8-4AB4-8739-177FEA3BF5B3}"
EndProject
Project("{FAE04EC0-301F-11D3-BF4B-00C04F79EFBC}") = "UnitTest", "UnitTest\UnitTest.csproj", "{63D9A9F7-8668-4683-9E09-BA145122A5BA}"
EndProject
Global
	GlobalSection(SolutionConfigurationPlatforms) = preSolution
		Debug|Any CPU = Debug|Any CPU
		Release|Any CPU = Release|Any CPU
	EndGlobalSection
	GlobalSection(ProjectConfigurationPlatforms) = postSolution
		{99A041F4-DD92-436A-917C-EE1322A736CB}.Debug|Any CPU.ActiveCfg = Debug|Any CPU
		{99A041F4-DD92-436A-917C-EE1322A736CB}.Debug|Any CPU.Build.0 = Debug|Any CPU
		{99A041F4-DD92-436A-917C-EE1322A736CB}.Release|Any CPU.ActiveCfg = Release|Any CPU
		{99A041F4-DD92-436A-917C-EE1322A736CB}.Release|Any CPU.Build.0 = Release|Any CPU
		{63D9A9F7-8668-4683-9E09-BA145122A5BA}.Debug|Any CPU.ActiveCfg = Debug|Any CPU
		{63D9A9F7-8668-4683-9E09-BA145122A5BA}.Debug|Any CPU.Build.0 = Debug|Any CPU
		{63D9A9F7-8668-4683-9E09-BA145122A5BA}.Release|Any CPU.ActiveCfg = Release|Any CPU
		{63D9A9F7-8668-4683-9E09-BA145122A5BA}.Release|Any CPU.Build.0 = Release|Any CPU
	EndGlobalSection
	GlobalSection(SolutionProperties) = preSolution
		HideSolutionNode = FALSE
	EndGlobalSection
	GlobalSection(NestedProjects) = preSolution
		{99A041F4-DD92-436A-917C-EE1322A736CB} = {3AA2AFE7-E5BC-4140-9107-6DB9246F5F61}
		{63D9A9F7-8668-4683-9E09-BA145122A5BA} = {2219960F-0DF8-4AB4-8739-177FEA3BF5B3}
	EndGlobalSection
	GlobalSection(ExtensibilityGlobals) = postSolution
		SolutionGuid = {B123AA96-932F-4115-8200-D74870A47F7E}
	EndGlobalSection
EndGlobal
